// !$*UTF8*$!
{
	archiveVersion = 1;
	classes = {
	};
	objectVersion = 55;
	objects = {

/* Begin PBXBuildFile section */
		84A8554A2BF2BF4300623392 /* AppDelegate.swift in Sources */ = {isa = PBXBuildFile; fileRef = 84A855492BF2BF4300623392 /* AppDelegate.swift */; };
		84A8554C2BF2BF4300623392 /* SceneDelegate.swift in Sources */ = {isa = PBXBuildFile; fileRef = 84A8554B2BF2BF4300623392 /* SceneDelegate.swift */; };
		84A8554E2BF2BF4300623392 /* ViewController.swift in Sources */ = {isa = PBXBuildFile; fileRef = 84A8554D2BF2BF4300623392 /* ViewController.swift */; };
		84A855512BF2BF4300623392 /* Main.storyboard in Resources */ = {isa = PBXBuildFile; fileRef = 84A8554F2BF2BF4300623392 /* Main.storyboard */; };
		84A855542BF2BF4300623392 /* FloresSoundBoard.xcdatamodeld in Sources */ = {isa = PBXBuildFile; fileRef = 84A855522BF2BF4300623392 /* FloresSoundBoard.xcdatamodeld */; };
		84A855562BF2BF4900623392 /* Assets.xcassets in Resources */ = {isa = PBXBuildFile; fileRef = 84A855552BF2BF4900623392 /* Assets.xcassets */; };
		84A855592BF2BF4900623392 /* LaunchScreen.storyboard in Resources */ = {isa = PBXBuildFile; fileRef = 84A855572BF2BF4900623392 /* LaunchScreen.storyboard */; };
		84A855632BF2C60500623392 /* reproducir.png in Resources */ = {isa = PBXBuildFile; fileRef = 84A855622BF2C60500623392 /* reproducir.png */; };
		84A855672BF2C9D100623392 /* grabar.jpeg in Resources */ = {isa = PBXBuildFile; fileRef = 84A855662BF2C9D100623392 /* grabar.jpeg */; };
		84A855692BF2CA9600623392 /* SoundViewController.swift in Sources */ = {isa = PBXBuildFile; fileRef = 84A855682BF2CA9600623392 /* SoundViewController.swift */; };
/* End PBXBuildFile section */

/* Begin PBXFileReference section */
		84A855462BF2BF4300623392 /* FloresSoundBoard.app */ = {isa = PBXFileReference; explicitFileType = wrapper.application; includeInIndex = 0; path = FloresSoundBoard.app; sourceTree = BUILT_PRODUCTS_DIR; };
		84A855492BF2BF4300623392 /* AppDelegate.swift */ = {isa = PBXFileReference; lastKnownFileType = sourcecode.swift; path = AppDelegate.swift; sourceTree = "<group>"; };
		84A8554B2BF2BF4300623392 /* SceneDelegate.swift */ = {isa = PBXFileReference; lastKnownFileType = sourcecode.swift; path = SceneDelegate.swift; sourceTree = "<group>"; };
		84A8554D2BF2BF4300623392 /* ViewController.swift */ = {isa = PBXFileReference; lastKnownFileType = sourcecode.swift; path = ViewController.swift; sourceTree = "<group>"; };
		84A855502BF2BF4300623392 /* Base */ = {isa = PBXFileReference; lastKnownFileType = file.storyboard; name = Base; path = Base.lproj/Main.storyboard; sourceTree = "<group>"; };
		84A855532BF2BF4300623392 /* FloresSoundBoard.xcdatamodel */ = {isa = PBXFileReference; lastKnownFileType = wrapper.xcdatamodel; path = FloresSoundBoard.xcdatamodel; sourceTree = "<group>"; };
		84A855552BF2BF4900623392 /* Assets.xcassets */ = {isa = PBXFileReference; lastKnownFileType = folder.assetcatalog; path = Assets.xcassets; sourceTree = "<group>"; };
		84A855582BF2BF4900623392 /* Base */ = {isa = PBXFileReference; lastKnownFileType = file.storyboard; name = Base; path = Base.lproj/LaunchScreen.storyboard; sourceTree = "<group>"; };
		84A8555A2BF2BF4900623392 /* Info.plist */ = {isa = PBXFileReference; lastKnownFileType = text.plist.xml; path = Info.plist; sourceTree = "<group>"; };
		84A855622BF2C60500623392 /* reproducir.png */ = {isa = PBXFileReference; lastKnownFileType = image.png; path = reproducir.png; sourceTree = "<group>"; };
		84A855662BF2C9D100623392 /* grabar.jpeg */ = {isa = PBXFileReference; lastKnownFileType = image.jpeg; path = grabar.jpeg; sourceTree = "<group>"; };
		84A855682BF2CA9600623392 /* SoundViewController.swift */ = {isa = PBXFileReference; lastKnownFileType = sourcecode.swift; path = SoundViewController.swift; sourceTree = "<group>"; };
/* End PBXFileReference section */

/* Begin PBXFrameworksBuildPhase section */
		84A855432BF2BF4200623392 /* Frameworks */ = {
			isa = PBXFrameworksBuildPhase;
			buildActionMask = 2147483647;
			files = (
			);
			runOnlyForDeploymentPostprocessing = 0;
		};
/* End PBXFrameworksBuildPhase section */

/* Begin PBXGroup section */
		84A8553D2BF2BF4200623392 = {
			isa = PBXGroup;
			children = (
				84A855482BF2BF4300623392 /* FloresSoundBoard */,
				84A855472BF2BF4300623392 /* Products */,
			);
			sourceTree = "<group>";
		};
		84A855472BF2BF4300623392 /* Products */ = {
			isa = PBXGroup;
			children = (
				84A855462BF2BF4300623392 /* FloresSoundBoard.app */,
			);
			name = Products;
			sourceTree = "<group>";
		};
		84A855482BF2BF4300623392 /* FloresSoundBoard */ = {
			isa = PBXGroup;
			children = (
				84A855492BF2BF4300623392 /* AppDelegate.swift */,
				84A8554B2BF2BF4300623392 /* SceneDelegate.swift */,
				84A8554D2BF2BF4300623392 /* ViewController.swift */,
				84A8554F2BF2BF4300623392 /* Main.storyboard */,
				84A855682BF2CA9600623392 /* SoundViewController.swift */,
				84A855552BF2BF4900623392 /* Assets.xcassets */,
				84A855662BF2C9D100623392 /* grabar.jpeg */,
				84A855622BF2C60500623392 /* reproducir.png */,
				84A855572BF2BF4900623392 /* LaunchScreen.storyboard */,
				84A8555A2BF2BF4900623392 /* Info.plist */,
				84A855522BF2BF4300623392 /* FloresSoundBoard.xcdatamodeld */,
			);
			path = FloresSoundBoard;
			sourceTree = "<group>";
		};
/* End PBXGroup section */

/* Begin PBXNativeTarget section */
		84A855452BF2BF4200623392 /* FloresSoundBoard */ = {
			isa = PBXNativeTarget;
			buildConfigurationList = 84A8555D2BF2BF4900623392 /* Build configuration list for PBXNativeTarget "FloresSoundBoard" */;
			buildPhases = (
				84A855422BF2BF4200623392 /* Sources */,
				84A855432BF2BF4200623392 /* Frameworks */,
				84A855442BF2BF4200623392 /* Resources */,
			);
			buildRules = (
			);
			dependencies = (
			);
			name = FloresSoundBoard;
			productName = FloresSoundBoard;
			productReference = 84A855462BF2BF4300623392 /* FloresSoundBoard.app */;
			productType = "com.apple.product-type.application";
		};
/* End PBXNativeTarget section */

/* Begin PBXProject section */
		84A8553E2BF2BF4200623392 /* Project object */ = {
			isa = PBXProject;
			attributes = {
				BuildIndependentTargetsInParallel = 1;
				LastSwiftUpdateCheck = 1340;
				LastUpgradeCheck = 1340;
				TargetAttributes = {
					84A855452BF2BF4200623392 = {
						CreatedOnToolsVersion = 13.4.1;
					};
				};
			};
			buildConfigurationList = 84A855412BF2BF4200623392 /* Build configuration list for PBXProject "FloresSoundBoard" */;
			compatibilityVersion = "Xcode 13.0";
			developmentRegion = en;
			hasScannedForEncodings = 0;
			knownRegions = (
				en,
				Base,
			);
			mainGroup = 84A8553D2BF2BF4200623392;
			productRefGroup = 84A855472BF2BF4300623392 /* Products */;
			projectDirPath = "";
			projectRoot = "";
			targets = (
				84A855452BF2BF4200623392 /* FloresSoundBoard */,
			);
		};
/* End PBXProject section */

/* Begin PBXResourcesBuildPhase section */
		84A855442BF2BF4200623392 /* Resources */ = {
			isa = PBXResourcesBuildPhase;
			buildActionMask = 2147483647;
			files = (
				84A855632BF2C60500623392 /* reproducir.png in Resources */,
				84A855592BF2BF4900623392 /* LaunchScreen.storyboard in Resources */,
				84A855562BF2BF4900623392 /* Assets.xcassets in Resources */,
				84A855672BF2C9D100623392 /* grabar.jpeg in Resources */,
				84A855512BF2BF4300623392 /* Main.storyboard in Resources */,
			);
			runOnlyForDeploymentPostprocessing = 0;
		};
/* End PBXResourcesBuildPhase section */

/* Begin PBXSourcesBuildPhase section */
		84A855422BF2BF4200623392 /* Sources */ = {
			isa = PBXSourcesBuildPhase;
			buildActionMask = 2147483647;
			files = (
				84A8554E2BF2BF4300623392 /* ViewController.swift in Sources */,
				84A855542BF2BF4300623392 /* FloresSoundBoard.xcdatamodeld in Sources */,
				84A8554A2BF2BF4300623392 /* AppDelegate.swift in Sources */,
				84A8554C2BF2BF4300623392 /* SceneDelegate.swift in Sources */,
				84A855692BF2CA9600623392 /* SoundViewController.swift in Sources */,
			);
			runOnlyForDeploymentPostprocessing = 0;
		};
/* End PBXSourcesBuildPhase section */

/* Begin PBXVariantGroup section */
		84A8554F2BF2BF4300623392 /* Main.storyboard */ = {
			isa = PBXVariantGroup;
			children = (
				84A855502BF2BF4300623392 /* Base */,
			);
			name = Main.storyboard;
			sourceTree = "<group>";
		};
		84A855572BF2BF4900623392 /* LaunchScreen.storyboard */ = {
			isa = PBXVariantGroup;
			children = (
				84A855582BF2BF4900623392 /* Base */,
			);
			name = LaunchScreen.storyboard;
			sourceTree = "<group>";
		};
/* End PBXVariantGroup section */

/* Begin XCBuildConfiguration section */
		84A8555B2BF2BF4900623392 /* Debug */ = {
			isa = XCBuildConfiguration;
			buildSettings = {
				ALWAYS_SEARCH_USER_PATHS = NO;
				CLANG_ANALYZER_NONNULL = YES;
				CLANG_ANALYZER_NUMBER_OBJECT_CONVERSION = YES_AGGRESSIVE;
				CLANG_CXX_LANGUAGE_STANDARD = "gnu++17";
				CLANG_ENABLE_MODULES = YES;
				CLANG_ENABLE_OBJC_ARC = YES;
				CLANG_ENABLE_OBJC_WEAK = YES;
				CLANG_WARN_BLOCK_CAPTURE_AUTORELEASING = YES;
				CLANG_WARN_BOOL_CONVERSION = YES;
				CLANG_WARN_COMMA = YES;
				CLANG_WARN_CONSTANT_CONVERSION = YES;
				CLANG_WARN_DEPRECATED_OBJC_IMPLEMENTATIONS = YES;
				CLANG_WARN_DIRECT_OBJC_ISA_USAGE = YES_ERROR;
				CLANG_WARN_DOCUMENTATION_COMMENTS = YES;
				CLANG_WARN_EMPTY_BODY = YES;
				CLANG_WARN_ENUM_CONVERSION = YES;
				CLANG_WARN_INFINITE_RECURSION = YES;
				CLANG_WARN_INT_CONVERSION = YES;
				CLANG_WARN_NON_LITERAL_NULL_CONVERSION = YES;
				CLANG_WARN_OBJC_IMPLICIT_RETAIN_SELF = YES;
				CLANG_WARN_OBJC_LITERAL_CONVERSION = YES;
				CLANG_WARN_OBJC_ROOT_CLASS = YES_ERROR;
				CLANG_WARN_QUOTED_INCLUDE_IN_FRAMEWORK_HEADER = YES;
				CLANG_WARN_RANGE_LOOP_ANALYSIS = YES;
				CLANG_WARN_STRICT_PROTOTYPES = YES;
				CLANG_WARN_SUSPICIOUS_MOVE = YES;
				CLANG_WARN_UNGUARDED_AVAILABILITY = YES_AGGRESSIVE;
				CLANG_WARN_UNREACHABLE_CODE = YES;
				CLANG_WARN__DUPLICATE_METHOD_MATCH = YES;
				COPY_PHASE_STRIP = NO;
				DEBUG_INFORMATION_FORMAT = dwarf;
				ENABLE_STRICT_OBJC_MSGSEND = YES;
				ENABLE_TESTABILITY = YES;
				GCC_C_LANGUAGE_STANDARD = gnu11;
				GCC_DYNAMIC_NO_PIC = NO;
				GCC_NO_COMMON_BLOCKS = YES;
				GCC_OPTIMIZATION_LEVEL = 0;
				GCC_PREPROCESSOR_DEFINITIONS = (
					"DEBUG=1",
					"$(inherited)",
				);
				GCC_WARN_64_TO_32_BIT_CONVERSION = YES;
				GCC_WARN_ABOUT_RETURN_TYPE = YES_ERROR;
				GCC_WARN_UNDECLARED_SELECTOR = YES;
				GCC_WARN_UNINITIALIZED_AUTOS = YES_AGGRESSIVE;
				GCC_WARN_UNUSED_FUNCTION = YES;
				GCC_WARN_UNUSED_VARIABLE = YES;
				IPHONEOS_DEPLOYMENT_TARGET = 15.5;
				MTL_ENABLE_DEBUG_INFO = INCLUDE_SOURCE;
				MTL_FAST_MATH = YES;
				ONLY_ACTIVE_ARCH = YES;
				SDKROOT = iphoneos;
				SWIFT_ACTIVE_COMPILATION_CONDITIONS = DEBUG;
				SWIFT_OPTIMIZATION_LEVEL = "-Onone";
			};
			name = Debug;
		};
		84A8555C2BF2BF4900623392 /* Release */ = {
			isa = XCBuildConfiguration;
			buildSettings = {
				ALWAYS_SEARCH_USER_PATHS = NO;
				CLANG_ANALYZER_NONNULL = YES;
				CLANG_ANALYZER_NUMBER_OBJECT_CONVERSION = YES_AGGRESSIVE;
				CLANG_CXX_LANGUAGE_STANDARD = "gnu++17";
				CLANG_ENABLE_MODULES = YES;
				CLANG_ENABLE_OBJC_ARC = YES;
				CLANG_ENABLE_OBJC_WEAK = YES;
				CLANG_WARN_BLOCK_CAPTURE_AUTORELEASING = YES;
				CLANG_WARN_BOOL_CONVERSION = YES;
				CLANG_WARN_COMMA = YES;
				CLANG_WARN_CONSTANT_CONVERSION = YES;
				CLANG_WARN_DEPRECATED_OBJC_IMPLEMENTATIONS = YES;
				CLANG_WARN_DIRECT_OBJC_ISA_USAGE = YES_ERROR;
				CLANG_WARN_DOCUMENTATION_COMMENTS = YES;
				CLANG_WARN_EMPTY_BODY = YES;
				CLANG_WARN_ENUM_CONVERSION = YES;
				CLANG_WARN_INFINITE_RECURSION = YES;
				CLANG_WARN_INT_CONVERSION = YES;
				CLANG_WARN_NON_LITERAL_NULL_CONVERSION = YES;
				CLANG_WARN_OBJC_IMPLICIT_RETAIN_SELF = YES;
				CLANG_WARN_OBJC_LITERAL_CONVERSION = YES;
				CLANG_WARN_OBJC_ROOT_CLASS = YES_ERROR;
				CLANG_WARN_QUOTED_INCLUDE_IN_FRAMEWORK_HEADER = YES;
				CLANG_WARN_RANGE_LOOP_ANALYSIS = YES;
				CLANG_WARN_STRICT_PROTOTYPES = YES;
				CLANG_WARN_SUSPICIOUS_MOVE = YES;
				CLANG_WARN_UNGUARDED_AVAILABILITY = YES_AGGRESSIVE;
				CLANG_WARN_UNREACHABLE_CODE = YES;
				CLANG_WARN__DUPLICATE_METHOD_MATCH = YES;
				COPY_PHASE_STRIP = NO;
				DEBUG_INFORMATION_FORMAT = "dwarf-with-dsym";
				ENABLE_NS_ASSERTIONS = NO;
				ENABLE_STRICT_OBJC_MSGSEND = YES;
				GCC_C_LANGUAGE_STANDARD = gnu11;
				GCC_NO_COMMON_BLOCKS = YES;
				GCC_WARN_64_TO_32_BIT_CONVERSION = YES;
				GCC_WARN_ABOUT_RETURN_TYPE = YES_ERROR;
				GCC_WARN_UNDECLARED_SELECTOR = YES;
				GCC_WARN_UNINITIALIZED_AUTOS = YES_AGGRESSIVE;
				GCC_WARN_UNUSED_FUNCTION = YES;
				GCC_WARN_UNUSED_VARIABLE = YES;
				IPHONEOS_DEPLOYMENT_TARGET = 15.5;
				MTL_ENABLE_DEBUG_INFO = NO;
				MTL_FAST_MATH = YES;
				SDKROOT = iphoneos;
				SWIFT_COMPILATION_MODE = wholemodule;
				SWIFT_OPTIMIZATION_LEVEL = "-O";
				VALIDATE_PRODUCT = YES;
			};
			name = Release;
		};
		84A8555E2BF2BF4900623392 /* Debug */ = {
			isa = XCBuildConfiguration;
			buildSettings = {
				ASSETCATALOG_COMPILER_APPICON_NAME = AppIcon;
				ASSETCATALOG_COMPILER_GLOBAL_ACCENT_COLOR_NAME = AccentColor;
				CODE_SIGN_STYLE = Automatic;
				CURRENT_PROJECT_VERSION = 1;
				GENERATE_INFOPLIST_FILE = YES;
				INFOPLIST_FILE = FloresSoundBoard/Info.plist;
				INFOPLIST_KEY_UIApplicationSupportsIndirectInputEvents = YES;
				INFOPLIST_KEY_UILaunchStoryboardName = LaunchScreen;
				INFOPLIST_KEY_UIMainStoryboardFile = Main;
				INFOPLIST_KEY_UISupportedInterfaceOrientations_iPad = "UIInterfaceOrientationPortrait UIInterfaceOrientationPortraitUpsideDown UIInterfaceOrientationLandscapeLeft UIInterfaceOrientationLandscapeRight";
				INFOPLIST_KEY_UISupportedInterfaceOrientations_iPhone = "UIInterfaceOrientationPortrait UIInterfaceOrientationLandscapeLeft UIInterfaceOrientationLandscapeRight";
				LD_RUNPATH_SEARCH_PATHS = (
					"$(inherited)",
					"@executable_path/Frameworks",
				);
				MARKETING_VERSION = 1.0;
				PRODUCT_BUNDLE_IDENTIFIER = com.miempresa.FloresSoundBoard;
				PRODUCT_NAME = "$(TARGET_NAME)";
				SWIFT_EMIT_LOC_STRINGS = YES;
				SWIFT_VERSION = 5.0;
				TARGETED_DEVICE_FAMILY = "1,2";
			};
			name = Debug;
		};
		84A8555F2BF2BF4900623392 /* Release */ = {
			isa = XCBuildConfiguration;
			buildSettings = {
				ASSETCATALOG_COMPILER_APPICON_NAME = AppIcon;
				ASSETCATALOG_COMPILER_GLOBAL_ACCENT_COLOR_NAME = AccentColor;
				CODE_SIGN_STYLE = Automatic;
				CURRENT_PROJECT_VERSION = 1;
				GENERATE_INFOPLIST_FILE = YES;
				INFOPLIST_FILE = FloresSoundBoard/Info.plist;
				INFOPLIST_KEY_UIApplicationSupportsIndirectInputEvents = YES;
				INFOPLIST_KEY_UILaunchStoryboardName = LaunchScreen;
				INFOPLIST_KEY_UIMainStoryboardFile = Main;
				INFOPLIST_KEY_UISupportedInterfaceOrientations_iPad = "UIInterfaceOrientationPortrait UIInterfaceOrientationPortraitUpsideDown UIInterfaceOrientationLandscapeLeft UIInterfaceOrientationLandscapeRight";
				INFOPLIST_KEY_UISupportedInterfaceOrientations_iPhone = "UIInterfaceOrientationPortrait UIInterfaceOrientationLandscapeLeft UIInterfaceOrientationLandscapeRight";
				LD_RUNPATH_SEARCH_PATHS = (
					"$(inherited)",
					"@executable_path/Frameworks",
				);
				MARKETING_VERSION = 1.0;
				PRODUCT_BUNDLE_IDENTIFIER = com.miempresa.FloresSoundBoard;
				PRODUCT_NAME = "$(TARGET_NAME)";
				SWIFT_EMIT_LOC_STRINGS = YES;
				SWIFT_VERSION = 5.0;
				TARGETED_DEVICE_FAMILY = "1,2";
			};
			name = Release;
		};
/* End XCBuildConfiguration section */

/* Begin XCConfigurationList section */
		84A855412BF2BF4200623392 /* Build configuration list for PBXProject "FloresSoundBoard" */ = {
			isa = XCConfigurationList;
			buildConfigurations = (
				84A8555B2BF2BF4900623392 /* Debug */,
				84A8555C2BF2BF4900623392 /* Release */,
			);
			defaultConfigurationIsVisible = 0;
			defaultConfigurationName = Release;
		};
		84A8555D2BF2BF4900623392 /* Build configuration list for PBXNativeTarget "FloresSoundBoard" */ = {
			isa = XCConfigurationList;
			buildConfigurations = (
				84A8555E2BF2BF4900623392 /* Debug */,
				84A8555F2BF2BF4900623392 /* Release */,
			);
			defaultConfigurationIsVisible = 0;
			defaultConfigurationName = Release;
		};
/* End XCConfigurationList section */

/* Begin XCVersionGroup section */
		84A855522BF2BF4300623392 /* FloresSoundBoard.xcdatamodeld */ = {
			isa = XCVersionGroup;
			children = (
				84A855532BF2BF4300623392 /* FloresSoundBoard.xcdatamodel */,
			);
			currentVersion = 84A855532BF2BF4300623392 /* FloresSoundBoard.xcdatamodel */;
			path = FloresSoundBoard.xcdatamodeld;
			sourceTree = "<group>";
			versionGroupType = wrapper.xcdatamodel;
		};
/* End XCVersionGroup section */
	};
	rootObject = 84A8553E2BF2BF4200623392 /* Project object */;
}
